// !$*UTF8*$!
{
	archiveVersion = 1;
	classes = {
	};
	objectVersion = 56;
	objects = {

/* Begin PBXBuildFile section */
		A1000001 /* SGOSalvaMaisApp.swift in Sources */ = {isa = PBXBuildFile; fileRef = A2000001 /* SGOSalvaMaisApp.swift */; };
		A1000002 /* User.swift in Sources */ = {isa = PBXBuildFile; fileRef = A2000002 /* User.swift */; };
		A1000003 /* Servico.swift in Sources */ = {isa = PBXBuildFile; fileRef = A2000003 /* Servico.swift */; };
		A1000004 /* Report.swift in Sources */ = {isa = PBXBuildFile; fileRef = A2000004 /* Report.swift */; };
		A1000005 /* Supporting.swift in Sources */ = {isa = PBXBuildFile; fileRef = A2000005 /* Supporting.swift */; };
		A1000006 /* APIService.swift in Sources */ = {isa = PBXBuildFile; fileRef = A2000006 /* APIService.swift */; };
		A1000007 /* AuthViewModel.swift in Sources */ = {isa = PBXBuildFile; fileRef = A2000007 /* AuthViewModel.swift */; };
		A1000008 /* DashboardViewModel.swift in Sources */ = {isa = PBXBuildFile; fileRef = A2000008 /* DashboardViewModel.swift */; };
		A1000009 /* ServicosViewModel.swift in Sources */ = {isa = PBXBuildFile; fileRef = A2000009 /* ServicosViewModel.swift */; };
		A1000010 /* GlassModifiers.swift in Sources */ = {isa = PBXBuildFile; fileRef = A2000010 /* GlassModifiers.swift */; };
		A1000011 /* LoginView.swift in Sources */ = {isa = PBXBuildFile; fileRef = A2000011 /* LoginView.swift */; };
		A1000012 /* MainTabView.swift in Sources */ = {isa = PBXBuildFile; fileRef = A2000012 /* MainTabView.swift */; };
		A1000013 /* DashboardView.swift in Sources */ = {isa = PBXBuildFile; fileRef = A2000013 /* DashboardView.swift */; };
		A1000014 /* ServicosListView.swift in Sources */ = {isa = PBXBuildFile; fileRef = A2000014 /* ServicosListView.swift */; };
		A1000015 /* ServicoDetailView.swift in Sources */ = {isa = PBXBuildFile; fileRef = A2000015 /* ServicoDetailView.swift */; };
		A1000016 /* ReportFormView.swift in Sources */ = {isa = PBXBuildFile; fileRef = A2000016 /* ReportFormView.swift */; };
		A1000017 /* CalendarView.swift in Sources */ = {isa = PBXBuildFile; fileRef = A2000017 /* CalendarView.swift */; };
		A1000018 /* ProfileView.swift in Sources */ = {isa = PBXBuildFile; fileRef = A2000018 /* ProfileView.swift */; };
		A1000019 /* NotificationsView.swift in Sources */ = {isa = PBXBuildFile; fileRef = A2000019 /* NotificationsView.swift */; };
		A1000020 /* Assets.xcassets in Resources */ = {isa = PBXBuildFile; fileRef = A2000020 /* Assets.xcassets */; };
		A1000021 /* SignatureCanvasView.swift in Sources */ = {isa = PBXBuildFile; fileRef = A2000021 /* SignatureCanvasView.swift */; };
		A1000022 /* ISNReportFormView.swift in Sources */ = {isa = PBXBuildFile; fileRef = A2000022 /* ISNReportFormView.swift */; };
		A1000023 /* ISNReportFormPage1.swift in Sources */ = {isa = PBXBuildFile; fileRef = A2000023 /* ISNReportFormPage1.swift */; };
		A1000024 /* ISNReportFormPage2.swift in Sources */ = {isa = PBXBuildFile; fileRef = A2000024 /* ISNReportFormPage2.swift */; };
		A1000025 /* InventoryOverviewView.swift in Sources */ = {isa = PBXBuildFile; fileRef = A2000025 /* InventoryOverviewView.swift */; };
		A1000026 /* EstatisticasView.swift in Sources */ = {isa = PBXBuildFile; fileRef = A2000026 /* EstatisticasView.swift */; };
		A1000027 /* ComplianceView.swift in Sources */ = {isa = PBXBuildFile; fileRef = A2000027 /* ComplianceView.swift */; };
		A1000028 /* MapaVigilanciaView.swift in Sources */ = {isa = PBXBuildFile; fileRef = A2000028 /* MapaVigilanciaView.swift */; };
		A1000029 /* CronogramaView.swift in Sources */ = {isa = PBXBuildFile; fileRef = A2000029 /* CronogramaView.swift */; };
		A1000030 /* FormacaoView.swift in Sources */ = {isa = PBXBuildFile; fileRef = A2000030 /* FormacaoView.swift */; };
		A1000031 /* UtilizadoresView.swift in Sources */ = {isa = PBXBuildFile; fileRef = A2000031 /* UtilizadoresView.swift */; };
		A1000032 /* EntidadesView.swift in Sources */ = {isa = PBXBuildFile; fileRef = A2000032 /* EntidadesView.swift */; };
		A1000033 /* LicencaISNView.swift in Sources */ = {isa = PBXBuildFile; fileRef = A2000033 /* LicencaISNView.swift */; };
		A1000034 /* InstrucoesView.swift in Sources */ = {isa = PBXBuildFile; fileRef = A2000034 /* InstrucoesView.swift */; };
		A1000035 /* AvaliacaoServicoView.swift in Sources */ = {isa = PBXBuildFile; fileRef = A2000035 /* AvaliacaoServicoView.swift */; };
		A1000036 /* DefinicoesView.swift in Sources */ = {isa = PBXBuildFile; fileRef = A2000036 /* DefinicoesView.swift */; };
/* End PBXBuildFile section */

/* Begin PBXFileReference section */
		A0A4F38A2F76FDB200D89141 /* Info.plist */ = {isa = PBXFileReference; lastKnownFileType = text.plist.xml; path = Info.plist; sourceTree = "<group>"; };
		A2000001 /* SGOSalvaMaisApp.swift */ = {isa = PBXFileReference; lastKnownFileType = sourcecode.swift; path = SGOSalvaMaisApp.swift; sourceTree = "<group>"; };
		A2000002 /* User.swift */ = {isa = PBXFileReference; lastKnownFileType = sourcecode.swift; path = User.swift; sourceTree = "<group>"; };
		A2000003 /* Servico.swift */ = {isa = PBXFileReference; lastKnownFileType = sourcecode.swift; path = Servico.swift; sourceTree = "<group>"; };
		A2000004 /* Report.swift */ = {isa = PBXFileReference; lastKnownFileType = sourcecode.swift; path = Report.swift; sourceTree = "<group>"; };
		A2000005 /* Supporting.swift */ = {isa = PBXFileReference; lastKnownFileType = sourcecode.swift; path = Supporting.swift; sourceTree = "<group>"; };
		A2000006 /* APIService.swift */ = {isa = PBXFileReference; lastKnownFileType = sourcecode.swift; path = APIService.swift; sourceTree = "<group>"; };
		A2000007 /* AuthViewModel.swift */ = {isa = PBXFileReference; lastKnownFileType = sourcecode.swift; path = AuthViewModel.swift; sourceTree = "<group>"; };
		A2000008 /* DashboardViewModel.swift */ = {isa = PBXFileReference; lastKnownFileType = sourcecode.swift; path = DashboardViewModel.swift; sourceTree = "<group>"; };
		A2000009 /* ServicosViewModel.swift */ = {isa = PBXFileReference; lastKnownFileType = sourcecode.swift; path = ServicosViewModel.swift; sourceTree = "<group>"; };
		A2000010 /* GlassModifiers.swift */ = {isa = PBXFileReference; lastKnownFileType = sourcecode.swift; path = GlassModifiers.swift; sourceTree = "<group>"; };
		A2000011 /* LoginView.swift */ = {isa = PBXFileReference; lastKnownFileType = sourcecode.swift; path = LoginView.swift; sourceTree = "<group>"; };
		A2000012 /* MainTabView.swift */ = {isa = PBXFileReference; lastKnownFileType = sourcecode.swift; path = MainTabView.swift; sourceTree = "<group>"; };
		A2000013 /* DashboardView.swift */ = {isa = PBXFileReference; lastKnownFileType = sourcecode.swift; path = DashboardView.swift; sourceTree = "<group>"; };
		A2000014 /* ServicosListView.swift */ = {isa = PBXFileReference; lastKnownFileType = sourcecode.swift; path = ServicosListView.swift; sourceTree = "<group>"; };
		A2000015 /* ServicoDetailView.swift */ = {isa = PBXFileReference; lastKnownFileType = sourcecode.swift; path = ServicoDetailView.swift; sourceTree = "<group>"; };
		A2000016 /* ReportFormView.swift */ = {isa = PBXFileReference; lastKnownFileType = sourcecode.swift; path = ReportFormView.swift; sourceTree = "<group>"; };
		A2000017 /* CalendarView.swift */ = {isa = PBXFileReference; lastKnownFileType = sourcecode.swift; path = CalendarView.swift; sourceTree = "<group>"; };
		A2000018 /* ProfileView.swift */ = {isa = PBXFileReference; lastKnownFileType = sourcecode.swift; path = ProfileView.swift; sourceTree = "<group>"; };
		A2000019 /* NotificationsView.swift */ = {isa = PBXFileReference; lastKnownFileType = sourcecode.swift; path = NotificationsView.swift; sourceTree = "<group>"; };
		A2000020 /* Assets.xcassets */ = {isa = PBXFileReference; lastKnownFileType = folder.assetcatalog; path = Assets.xcassets; sourceTree = "<group>"; };
		A2000021 /* SignatureCanvasView.swift */ = {isa = PBXFileReference; lastKnownFileType = sourcecode.swift; path = SignatureCanvasView.swift; sourceTree = "<group>"; };
		A2000022 /* ISNReportFormView.swift */ = {isa = PBXFileReference; lastKnownFileType = sourcecode.swift; path = ISNReportFormView.swift; sourceTree = "<group>"; };
		A2000023 /* ISNReportFormPage1.swift */ = {isa = PBXFileReference; lastKnownFileType = sourcecode.swift; path = ISNReportFormPage1.swift; sourceTree = "<group>"; };
		A2000024 /* ISNReportFormPage2.swift */ = {isa = PBXFileReference; lastKnownFileType = sourcecode.swift; path = ISNReportFormPage2.swift; sourceTree = "<group>"; };
		A2000025 /* InventoryOverviewView.swift */ = {isa = PBXFileReference; lastKnownFileType = sourcecode.swift; path = InventoryOverviewView.swift; sourceTree = "<group>"; };
		A2000026 /* EstatisticasView.swift */ = {isa = PBXFileReference; lastKnownFileType = sourcecode.swift; path = EstatisticasView.swift; sourceTree = "<group>"; };
		A2000027 /* ComplianceView.swift */ = {isa = PBXFileReference; lastKnownFileType = sourcecode.swift; path = ComplianceView.swift; sourceTree = "<group>"; };
		A2000028 /* MapaVigilanciaView.swift */ = {isa = PBXFileReference; lastKnownFileType = sourcecode.swift; path = MapaVigilanciaView.swift; sourceTree = "<group>"; };
		A2000029 /* CronogramaView.swift */ = {isa = PBXFileReference; lastKnownFileType = sourcecode.swift; path = CronogramaView.swift; sourceTree = "<group>"; };
		A2000030 /* FormacaoView.swift */ = {isa = PBXFileReference; lastKnownFileType = sourcecode.swift; path = FormacaoView.swift; sourceTree = "<group>"; };
		A2000031 /* UtilizadoresView.swift */ = {isa = PBXFileReference; lastKnownFileType = sourcecode.swift; path = UtilizadoresView.swift; sourceTree = "<group>"; };
		A2000032 /* EntidadesView.swift */ = {isa = PBXFileReference; lastKnownFileType = sourcecode.swift; path = EntidadesView.swift; sourceTree = "<group>"; };
		A2000033 /* LicencaISNView.swift */ = {isa = PBXFileReference; lastKnownFileType = sourcecode.swift; path = LicencaISNView.swift; sourceTree = "<group>"; };
		A2000034 /* InstrucoesView.swift */ = {isa = PBXFileReference; lastKnownFileType = sourcecode.swift; path = InstrucoesView.swift; sourceTree = "<group>"; };
		A2000035 /* AvaliacaoServicoView.swift */ = {isa = PBXFileReference; lastKnownFileType = sourcecode.swift; path = AvaliacaoServicoView.swift; sourceTree = "<group>"; };
		A2000036 /* DefinicoesView.swift */ = {isa = PBXFileReference; lastKnownFileType = sourcecode.swift; path = DefinicoesView.swift; sourceTree = "<group>"; };
		A3000001 /* SGO-SalvaMais.app */ = {isa = PBXFileReference; explicitFileType = wrapper.application; includeInIndex = 0; path = "SGO-SalvaMais.app"; sourceTree = BUILT_PRODUCTS_DIR; };
/* End PBXFileReference section */

/* Begin PBXGroup section */
		A4000001 = {
			isa = PBXGroup;
			children = (
				A4000002 /* SGO-SalvaMais */,
				A4000006 /* Products */,
				A0A4F38A2F76FDB200D89141 /* Info.plist */,
			);
			sourceTree = "<group>";
		};
		A4000002 /* SGO-SalvaMais */ = {
			isa = PBXGroup;
			children = (
				A2000001 /* SGOSalvaMaisApp.swift */,
				A4000003 /* Models */,
				A4000004 /* Services */,
				A4000005 /* ViewModels */,
				A4000007 /* Views */,
				A2000020 /* Assets.xcassets */,
			);
			path = "SGO-SalvaMais";
			sourceTree = "<group>";
		};
		A4000003 /* Models */ = {
			isa = PBXGroup;
			children = (
				A2000002 /* User.swift */,
				A2000003 /* Servico.swift */,
				A2000004 /* Report.swift */,
				A2000005 /* Supporting.swift */,
			);
			path = Models;
			sourceTree = "<group>";
		};
		A4000004 /* Services */ = {
			isa = PBXGroup;
			children = (
				A2000006 /* APIService.swift */,
			);
			path = Services;
			sourceTree = "<group>";
		};
		A4000005 /* ViewModels */ = {
			isa = PBXGroup;
			children = (
				A2000007 /* AuthViewModel.swift */,
				A2000008 /* DashboardViewModel.swift */,
				A2000009 /* ServicosViewModel.swift */,
			);
			path = ViewModels;
			sourceTree = "<group>";
		};
		A4000006 /* Products */ = {
			isa = PBXGroup;
			children = (
				A3000001 /* SGO-SalvaMais.app */,
			);
			name = Products;
			sourceTree = "<group>";
		};
		A4000007 /* Views */ = {
			isa = PBXGroup;
			children = (
				A2000010 /* GlassModifiers.swift */,
				A2000011 /* LoginView.swift */,
				A2000012 /* MainTabView.swift */,
				A2000013 /* DashboardView.swift */,
				A2000014 /* ServicosListView.swift */,
				A2000015 /* ServicoDetailView.swift */,
				A2000016 /* ReportFormView.swift */,
				A2000017 /* CalendarView.swift */,
				A2000018 /* ProfileView.swift */,
				A2000019 /* NotificationsView.swift */,
				A2000021 /* SignatureCanvasView.swift */,
				A2000022 /* ISNReportFormView.swift */,
				A2000023 /* ISNReportFormPage1.swift */,
				A2000024 /* ISNReportFormPage2.swift */,
				A2000025 /* InventoryOverviewView.swift */,
				A2000026 /* EstatisticasView.swift */,
				A2000027 /* ComplianceView.swift */,
				A2000028 /* MapaVigilanciaView.swift */,
				A2000029 /* CronogramaView.swift */,
				A2000030 /* FormacaoView.swift */,
				A2000031 /* UtilizadoresView.swift */,
				A2000032 /* EntidadesView.swift */,
				A2000033 /* LicencaISNView.swift */,
				A2000034 /* InstrucoesView.swift */,
				A2000035 /* AvaliacaoServicoView.swift */,
				A2000036 /* DefinicoesView.swift */,
			);
			path = Views;
			sourceTree = "<group>";
		};
/* End PBXGroup section */

/* Begin PBXNativeTarget section */
		A5000001 /* SGO-SalvaMais */ = {
			isa = PBXNativeTarget;
			buildConfigurationList = A7000001 /* Build configuration list for PBXNativeTarget "SGO-SalvaMais" */;
			buildPhases = (
				A6000001 /* Sources */,
				A6000002 /* Resources */,
			);
			buildRules = (
			);
			dependencies = (
			);
			name = "SGO-SalvaMais";
			productName = "SGO-SalvaMais";
			productReference = A3000001 /* SGO-SalvaMais.app */;
			productType = "com.apple.product-type.application";
		};
/* End PBXNativeTarget section */

/* Begin PBXProject section */
		A8000001 /* Project object */ = {
			isa = PBXProject;
			attributes = {
				BuildIndependentTargetsInParallel = 1;
				LastSwiftUpdateCheck = 1540;
				LastUpgradeCheck = 1540;
			};
			buildConfigurationList = A7000003 /* Build configuration list for PBXProject "SGO-SalvaMais" */;
			compatibilityVersion = "Xcode 14.0";
			developmentRegion = pt;
			hasScannedForEncodings = 0;
			knownRegions = (
				en,
				pt,
				Base,
			);
			mainGroup = A4000001;
			productRefGroup = A4000006 /* Products */;
			projectDirPath = "";
			projectRoot = "";
			targets = (
				A5000001 /* SGO-SalvaMais */,
			);
		};
/* End PBXProject section */

/* Begin PBXResourcesBuildPhase section */
		A6000002 /* Resources */ = {
			isa = PBXResourcesBuildPhase;
			buildActionMask = 2147483647;
			files = (
				A1000020 /* Assets.xcassets in Resources */,
			);
			runOnlyForDeploymentPostprocessing = 0;
		};
/* End PBXResourcesBuildPhase section */

/* Begin PBXSourcesBuildPhase section */
		A6000001 /* Sources */ = {
			isa = PBXSourcesBuildPhase;
			buildActionMask = 2147483647;
			files = (
				A1000001 /* SGOSalvaMaisApp.swift in Sources */,
				A1000002 /* User.swift in Sources */,
				A1000003 /* Servico.swift in Sources */,
				A1000004 /* Report.swift in Sources */,
				A1000005 /* Supporting.swift in Sources */,
				A1000006 /* APIService.swift in Sources */,
				A1000007 /* AuthViewModel.swift in Sources */,
				A1000008 /* DashboardViewModel.swift in Sources */,
				A1000009 /* ServicosViewModel.swift in Sources */,
				A1000010 /* GlassModifiers.swift in Sources */,
				A1000011 /* LoginView.swift in Sources */,
				A1000012 /* MainTabView.swift in Sources */,
				A1000013 /* DashboardView.swift in Sources */,
				A1000014 /* ServicosListView.swift in Sources */,
				A1000015 /* ServicoDetailView.swift in Sources */,
				A1000016 /* ReportFormView.swift in Sources */,
				A1000017 /* CalendarView.swift in Sources */,
				A1000018 /* ProfileView.swift in Sources */,
				A1000019 /* NotificationsView.swift in Sources */,
				A1000021 /* SignatureCanvasView.swift in Sources */,
				A1000022 /* ISNReportFormView.swift in Sources */,
				A1000023 /* ISNReportFormPage1.swift in Sources */,
				A1000024 /* ISNReportFormPage2.swift in Sources */,
				A1000025 /* InventoryOverviewView.swift in Sources */,
				A1000026 /* EstatisticasView.swift in Sources */,
				A1000027 /* ComplianceView.swift in Sources */,
				A1000028 /* MapaVigilanciaView.swift in Sources */,
				A1000029 /* CronogramaView.swift in Sources */,
				A1000030 /* FormacaoView.swift in Sources */,
				A1000031 /* UtilizadoresView.swift in Sources */,
				A1000032 /* EntidadesView.swift in Sources */,
				A1000033 /* LicencaISNView.swift in Sources */,
				A1000034 /* InstrucoesView.swift in Sources */,
				A1000035 /* AvaliacaoServicoView.swift in Sources */,
				A1000036 /* DefinicoesView.swift in Sources */,
			);
			runOnlyForDeploymentPostprocessing = 0;
		};
/* End PBXSourcesBuildPhase section */

/* Begin XCBuildConfiguration section */
		A9000001 /* Debug */ = {
			isa = XCBuildConfiguration;
			buildSettings = {
				ASSETCATALOG_COMPILER_APPICON_NAME = AppIcon;
				ASSETCATALOG_COMPILER_GLOBAL_ACCENT_COLOR_NAME = AccentColor;
				CODE_SIGN_STYLE = Automatic;
				CURRENT_PROJECT_VERSION = 1;
				DEVELOPMENT_TEAM = 449UNK2PZ9;
				GENERATE_INFOPLIST_FILE = YES;
				INFOPLIST_KEY_CFBundleDisplayName = "Salva+Go";
				INFOPLIST_KEY_LSApplicationCategoryType = "public.app-category.business";
				INFOPLIST_KEY_UIApplicationSceneManifest_Generation = YES;
				INFOPLIST_KEY_UIApplicationSupportsIndirectInputEvents = YES;
				INFOPLIST_KEY_UILaunchScreen_Generation = YES;
				INFOPLIST_KEY_UISupportedInterfaceOrientations_iPad = "UIInterfaceOrientationPortrait UIInterfaceOrientationPortraitUpsideDown UIInterfaceOrientationLandscapeLeft UIInterfaceOrientationLandscapeRight";
				INFOPLIST_KEY_UISupportedInterfaceOrientations_iPhone = "UIInterfaceOrientationPortrait UIInterfaceOrientationLandscapeLeft UIInterfaceOrientationLandscapeRight";
				IPHONEOS_DEPLOYMENT_TARGET = 17.0;
				MARKETING_VERSION = 1.0;
				PRODUCT_BUNDLE_IDENTIFIER = com.salvamais.sgo;
				PRODUCT_NAME = "$(TARGET_NAME)";
				SWIFT_EMIT_LOC_STRINGS = YES;
				SWIFT_VERSION = 5.0;
				TARGETED_DEVICE_FAMILY = "1,2";
			};
			name = Debug;
		};
		A9000002 /* Release */ = {
			isa = XCBuildConfiguration;
			buildSettings = {
				ASSETCATALOG_COMPILER_APPICON_NAME = AppIcon;
				ASSETCATALOG_COMPILER_GLOBAL_ACCENT_COLOR_NAME = AccentColor;
				CODE_SIGN_STYLE = Automatic;
				CURRENT_PROJECT_VERSION = 1;
				DEVELOPMENT_TEAM = 449UNK2PZ9;
				GENERATE_INFOPLIST_FILE = YES;
				INFOPLIST_KEY_CFBundleDisplayName = "Salva+Go";
				INFOPLIST_KEY_LSApplicationCategoryType = "public.app-category.business";
				INFOPLIST_KEY_UIApplicationSceneManifest_Generation = YES;
				INFOPLIST_KEY_UIApplicationSupportsIndirectInputEvents = YES;
				INFOPLIST_KEY_UILaunchScreen_Generation = YES;
				INFOPLIST_KEY_UISupportedInterfaceOrientations_iPad = "UIInterfaceOrientationPortrait UIInterfaceOrientationPortraitUpsideDown UIInterfaceOrientationLandscapeLeft UIInterfaceOrientationLandscapeRight";
				INFOPLIST_KEY_UISupportedInterfaceOrientations_iPhone = "UIInterfaceOrientationPortrait UIInterfaceOrientationLandscapeLeft UIInterfaceOrientationLandscapeRight";
				IPHONEOS_DEPLOYMENT_TARGET = 17.0;
				MARKETING_VERSION = 1.0;
				PRODUCT_BUNDLE_IDENTIFIER = com.salvamais.sgo;
				PRODUCT_NAME = "$(TARGET_NAME)";
				SWIFT_EMIT_LOC_STRINGS = YES;
				SWIFT_VERSION = 5.0;
				TARGETED_DEVICE_FAMILY = "1,2";
			};
			name = Release;
		};
		A9000003 /* Debug */ = {
			isa = XCBuildConfiguration;
			buildSettings = {
				ALWAYS_SEARCH_USER_PATHS = NO;
				CLANG_ANALYZER_NONNULL = YES;
				CLANG_ENABLE_MODULES = YES;
				CLANG_ENABLE_OBJC_ARC = YES;
				COPY_PHASE_STRIP = NO;
				DEBUG_INFORMATION_FORMAT = dwarf;
				ENABLE_STRICT_OBJC_MSGSEND = YES;
				ENABLE_TESTABILITY = YES;
				GCC_DYNAMIC_NO_PIC = NO;
				GCC_OPTIMIZATION_LEVEL = 0;
				GCC_PREPROCESSOR_DEFINITIONS = "DEBUG=1";
				IPHONEOS_DEPLOYMENT_TARGET = 17.0;
				MTL_ENABLE_DEBUG_INFO = INCLUDE_SOURCE;
				ONLY_ACTIVE_ARCH = YES;
				SDKROOT = iphoneos;
				SWIFT_ACTIVE_COMPILATION_CONDITIONS = DEBUG;
				SWIFT_OPTIMIZATION_LEVEL = "-Onone";
			};
			name = Debug;
		};
		A9000004 /* Release */ = {
			isa = XCBuildConfiguration;
			buildSettings = {
				ALWAYS_SEARCH_USER_PATHS = NO;
				CLANG_ANALYZER_NONNULL = YES;
				CLANG_ENABLE_MODULES = YES;
				CLANG_ENABLE_OBJC_ARC = YES;
				COPY_PHASE_STRIP = NO;
				DEBUG_INFORMATION_FORMAT = "dwarf-with-dsym";
				ENABLE_NS_ASSERTIONS = NO;
				ENABLE_STRICT_OBJC_MSGSEND = YES;
				GCC_OPTIMIZATION_LEVEL = s;
				IPHONEOS_DEPLOYMENT_TARGET = 17.0;
				SDKROOT = iphoneos;
				SWIFT_COMPILATION_MODE = wholemodule;
				SWIFT_OPTIMIZATION_LEVEL = "-O";
				VALIDATE_PRODUCT = YES;
			};
			name = Release;
		};
/* End XCBuildConfiguration section */

/* Begin XCConfigurationList section */
		A7000001 /* Build configuration list for PBXNativeTarget "SGO-SalvaMais" */ = {
			isa = XCConfigurationList;
			buildConfigurations = (
				A9000001 /* Debug */,
				A9000002 /* Release */,
			);
			defaultConfigurationIsVisible = 0;
			defaultConfigurationName = Release;
		};
		A7000003 /* Build configuration list for PBXProject "SGO-SalvaMais" */ = {
			isa = XCConfigurationList;
			buildConfigurations = (
				A9000003 /* Debug */,
				A9000004 /* Release */,
			);
			defaultConfigurationIsVisible = 0;
			defaultConfigurationName = Release;
		};
/* End XCConfigurationList section */
	};
	rootObject = A8000001 /* Project object */;
}
